
Microsoft Visual Studio Solution File, Format Version 12.00
# Visual Studio Version 17
VisualStudioVersion = 17.7.34202.233
MinimumVisualStudioVersion = 10.0.40219.1
Project("{9A19103F-16F7-4668-BE54-9A1E7A4F7556}") = "LadybugTools_oM", "LadybugTools_oM\LadybugTools_oM.csproj", "{ABC2CD49-3DCF-46C3-9249-EB09C88ECFFD}"
EndProject
Project("{9A19103F-16F7-4668-BE54-9A1E7A4F7556}") = "LadybugTools_Engine", "LadybugTools_Engine\LadybugTools_Engine.csproj", "{0A409572-CA4B-4267-95AD-F9A4A699DB89}"
EndProject
Project("{9A19103F-16F7-4668-BE54-9A1E7A4F7556}") = "LadybugTools_Adapter", "LadybugTools_Adapter\LadybugTools_Adapter.csproj", "{FA39A3F6-100F-4824-A91B-A2AEC4660B4E}"
EndProject
Global
	GlobalSection(SolutionConfigurationPlatforms) = preSolution
		Debug|Any CPU = Debug|Any CPU
		Release|Any CPU = Release|Any CPU
	EndGlobalSection
	GlobalSection(ProjectConfigurationPlatforms) = postSolution
		{ABC2CD49-3DCF-46C3-9249-EB09C88ECFFD}.Debug|Any CPU.ActiveCfg = Debug|Any CPU
		{ABC2CD49-3DCF-46C3-9249-EB09C88ECFFD}.Debug|Any CPU.Build.0 = Debug|Any CPU
		{ABC2CD49-3DCF-46C3-9249-EB09C88ECFFD}.Release|Any CPU.ActiveCfg = Release|Any CPU
		{ABC2CD49-3DCF-46C3-9249-EB09C88ECFFD}.Release|Any CPU.Build.0 = Release|Any CPU
		{0A409572-CA4B-4267-95AD-F9A4A699DB89}.Debug|Any CPU.ActiveCfg = Debug|Any CPU
		{0A409572-CA4B-4267-95AD-F9A4A699DB89}.Debug|Any CPU.Build.0 = Debug|Any CPU
		{0A409572-CA4B-4267-95AD-F9A4A699DB89}.Release|Any CPU.ActiveCfg = Release|Any CPU
		{0A409572-CA4B-4267-95AD-F9A4A699DB89}.Release|Any CPU.Build.0 = Release|Any CPU
		{FA39A3F6-100F-4824-A91B-A2AEC4660B4E}.Debug|Any CPU.ActiveCfg = Debug|Any CPU
		{FA39A3F6-100F-4824-A91B-A2AEC4660B4E}.Debug|Any CPU.Build.0 = Debug|Any CPU
		{FA39A3F6-100F-4824-A91B-A2AEC4660B4E}.Release|Any CPU.ActiveCfg = Release|Any CPU
		{FA39A3F6-100F-4824-A91B-A2AEC4660B4E}.Release|Any CPU.Build.0 = Release|Any CPU
	EndGlobalSection
	GlobalSection(SolutionProperties) = preSolution
		HideSolutionNode = FALSE
	EndGlobalSection
	GlobalSection(ExtensibilityGlobals) = postSolution
		SolutionGuid = {ACD69827-8EE7-4F0A-A728-BAC283EDF6A9}
	EndGlobalSection
EndGlobal
